Microsoft Visual Studio Solution File, Format Version 12.00
# Visual Studio Version 17
VisualStudioVersion = 17.5.2.0
MinimumVisualStudioVersion = 10.0.40219.1
Project("{2150E333-8FDC-42A3-9474-1A3956D46DE8}") = "Chat_Support", "Chat_Support", "{52468B34-3F27-2B4E-4929-AF0269728D45}"
EndProject
Project("{2150E333-8FDC-42A3-9474-1A3956D46DE8}") = "src", "src", "{BA85774B-6557-D8DD-A35B-8DCC4EE489ED}"
EndProject
Project("{FAE04EC0-301F-11D3-BF4B-00C04F79EFBC}") = "AppHost", "Chat_Support\src\AppHost\AppHost.csproj", "{6DA406FC-9E36-EACB-FF77-48029E85D95A}"
EndProject
Project("{FAE04EC0-301F-11D3-BF4B-00C04F79EFBC}") = "Application", "Chat_Support\src\Application\Application.csproj", "{422B5391-CE1E-26E8-77A9-BD83A350117A}"
EndProject
Project("{FAE04EC0-301F-11D3-BF4B-00C04F79EFBC}") = "Domain", "Chat_Support\src\Domain\Domain.csproj", "{98636D3F-7398-A99E-5A60-4CE116C163F7}"
EndProject
Project("{FAE04EC0-301F-11D3-BF4B-00C04F79EFBC}") = "Infrastructure", "Chat_Support\src\Infrastructure\Infrastructure.csproj", "{23F8962E-45FB-9FA0-9665-0F76EDE0D37A}"
EndProject
Project("{FAE04EC0-301F-11D3-BF4B-00C04F79EFBC}") = "ServiceDefaults", "Chat_Support\src\ServiceDefaults\ServiceDefaults.csproj", "{C2434BE9-86C9-87F4-6F4A-7CDDE2AB5519}"
EndProject
Project("{FAE04EC0-301F-11D3-BF4B-00C04F79EFBC}") = "Web", "Chat_Support\src\Web\Web.csproj", "{D72A3641-0989-137E-4CC8-8B69D0E2B271}"
EndProject
Project("{2150E333-8FDC-42A3-9474-1A3956D46DE8}") = "tests", "tests", "{4E27D6F8-96FA-2299-FA4D-988A20886187}"
EndProject
Project("{FAE04EC0-301F-11D3-BF4B-00C04F79EFBC}") = "Application.FunctionalTests", "Chat_Support\tests\Application.FunctionalTests\Application.FunctionalTests.csproj", "{C93048A9-D181-6725-3F53-E02635195F96}"
EndProject
Project("{FAE04EC0-301F-11D3-BF4B-00C04F79EFBC}") = "Application.UnitTests", "Chat_Support\tests\Application.UnitTests\Application.UnitTests.csproj", "{6588124B-8509-B513-19F8-7AD35463B277}"
EndProject
Project("{FAE04EC0-301F-11D3-BF4B-00C04F79EFBC}") = "Domain.UnitTests", "Chat_Support\tests\Domain.UnitTests\Domain.UnitTests.csproj", "{AC8C58FD-67F4-9948-DBC7-DB9DCFB71458}"
EndProject
Project("{FAE04EC0-301F-11D3-BF4B-00C04F79EFBC}") = "Infrastructure.IntegrationTests", "Chat_Support\tests\Infrastructure.IntegrationTests\Infrastructure.IntegrationTests.csproj", "{873E6ABC-C9C2-0C92-81D2-EF1E9181A84D}"
EndProject
Project("{FAE04EC0-301F-11D3-BF4B-00C04F79EFBC}") = "Web.AcceptanceTests", "Chat_Support\tests\Web.AcceptanceTests\Web.AcceptanceTests.csproj", "{D02457B4-A079-52BC-B262-648E3F4B37D8}"
EndProject
Global
	GlobalSection(SolutionConfigurationPlatforms) = preSolution
		Debug|Any CPU = Debug|Any CPU
		Release|Any CPU = Release|Any CPU
	EndGlobalSection
	GlobalSection(ProjectConfigurationPlatforms) = postSolution
		{6DA406FC-9E36-EACB-FF77-48029E85D95A}.Debug|Any CPU.ActiveCfg = Debug|Any CPU
		{6DA406FC-9E36-EACB-FF77-48029E85D95A}.Debug|Any CPU.Build.0 = Debug|Any CPU
		{6DA406FC-9E36-EACB-FF77-48029E85D95A}.Release|Any CPU.ActiveCfg = Release|Any CPU
		{6DA406FC-9E36-EACB-FF77-48029E85D95A}.Release|Any CPU.Build.0 = Release|Any CPU
		{422B5391-CE1E-26E8-77A9-BD83A350117A}.Debug|Any CPU.ActiveCfg = Debug|Any CPU
		{422B5391-CE1E-26E8-77A9-BD83A350117A}.Debug|Any CPU.Build.0 = Debug|Any CPU
		{422B5391-CE1E-26E8-77A9-BD83A350117A}.Release|Any CPU.ActiveCfg = Release|Any CPU
		{422B5391-CE1E-26E8-77A9-BD83A350117A}.Release|Any CPU.Build.0 = Release|Any CPU
		{98636D3F-7398-A99E-5A60-4CE116C163F7}.Debug|Any CPU.ActiveCfg = Debug|Any CPU
		{98636D3F-7398-A99E-5A60-4CE116C163F7}.Debug|Any CPU.Build.0 = Debug|Any CPU
		{98636D3F-7398-A99E-5A60-4CE116C163F7}.Release|Any CPU.ActiveCfg = Release|Any CPU
		{98636D3F-7398-A99E-5A60-4CE116C163F7}.Release|Any CPU.Build.0 = Release|Any CPU
		{23F8962E-45FB-9FA0-9665-0F76EDE0D37A}.Debug|Any CPU.ActiveCfg = Debug|Any CPU
		{23F8962E-45FB-9FA0-9665-0F76EDE0D37A}.Debug|Any CPU.Build.0 = Debug|Any CPU
		{23F8962E-45FB-9FA0-9665-0F76EDE0D37A}.Release|Any CPU.ActiveCfg = Release|Any CPU
		{23F8962E-45FB-9FA0-9665-0F76EDE0D37A}.Release|Any CPU.Build.0 = Release|Any CPU
		{C2434BE9-86C9-87F4-6F4A-7CDDE2AB5519}.Debug|Any CPU.ActiveCfg = Debug|Any CPU
		{C2434BE9-86C9-87F4-6F4A-7CDDE2AB5519}.Debug|Any CPU.Build.0 = Debug|Any CPU
		{C2434BE9-86C9-87F4-6F4A-7CDDE2AB5519}.Release|Any CPU.ActiveCfg = Release|Any CPU
		{C2434BE9-86C9-87F4-6F4A-7CDDE2AB5519}.Release|Any CPU.Build.0 = Release|Any CPU
		{D72A3641-0989-137E-4CC8-8B69D0E2B271}.Debug|Any CPU.ActiveCfg = Debug|Any CPU
		{D72A3641-0989-137E-4CC8-8B69D0E2B271}.Debug|Any CPU.Build.0 = Debug|Any CPU
		{D72A3641-0989-137E-4CC8-8B69D0E2B271}.Release|Any CPU.ActiveCfg = Release|Any CPU
		{D72A3641-0989-137E-4CC8-8B69D0E2B271}.Release|Any CPU.Build.0 = Release|Any CPU
		{C93048A9-D181-6725-3F53-E02635195F96}.Debug|Any CPU.ActiveCfg = Debug|Any CPU
		{C93048A9-D181-6725-3F53-E02635195F96}.Debug|Any CPU.Build.0 = Debug|Any CPU
		{C93048A9-D181-6725-3F53-E02635195F96}.Release|Any CPU.ActiveCfg = Release|Any CPU
		{C93048A9-D181-6725-3F53-E02635195F96}.Release|Any CPU.Build.0 = Release|Any CPU
		{6588124B-8509-B513-19F8-7AD35463B277}.Debug|Any CPU.ActiveCfg = Debug|Any CPU
		{6588124B-8509-B513-19F8-7AD35463B277}.Debug|Any CPU.Build.0 = Debug|Any CPU
		{6588124B-8509-B513-19F8-7AD35463B277}.Release|Any CPU.ActiveCfg = Release|Any CPU
		{6588124B-8509-B513-19F8-7AD35463B277}.Release|Any CPU.Build.0 = Release|Any CPU
		{AC8C58FD-67F4-9948-DBC7-DB9DCFB71458}.Debug|Any CPU.ActiveCfg = Debug|Any CPU
		{AC8C58FD-67F4-9948-DBC7-DB9DCFB71458}.Debug|Any CPU.Build.0 = Debug|Any CPU
		{AC8C58FD-67F4-9948-DBC7-DB9DCFB71458}.Release|Any CPU.ActiveCfg = Release|Any CPU
		{AC8C58FD-67F4-9948-DBC7-DB9DCFB71458}.Release|Any CPU.Build.0 = Release|Any CPU
		{873E6ABC-C9C2-0C92-81D2-EF1E9181A84D}.Debug|Any CPU.ActiveCfg = Debug|Any CPU
		{873E6ABC-C9C2-0C92-81D2-EF1E9181A84D}.Debug|Any CPU.Build.0 = Debug|Any CPU
		{873E6ABC-C9C2-0C92-81D2-EF1E9181A84D}.Release|Any CPU.ActiveCfg = Release|Any CPU
		{873E6ABC-C9C2-0C92-81D2-EF1E9181A84D}.Release|Any CPU.Build.0 = Release|Any CPU
		{D02457B4-A079-52BC-B262-648E3F4B37D8}.Debug|Any CPU.ActiveCfg = Debug|Any CPU
		{D02457B4-A079-52BC-B262-648E3F4B37D8}.Debug|Any CPU.Build.0 = Debug|Any CPU
		{D02457B4-A079-52BC-B262-648E3F4B37D8}.Release|Any CPU.ActiveCfg = Release|Any CPU
		{D02457B4-A079-52BC-B262-648E3F4B37D8}.Release|Any CPU.Build.0 = Release|Any CPU
	EndGlobalSection
	GlobalSection(SolutionProperties) = preSolution
		HideSolutionNode = FALSE
	EndGlobalSection
	GlobalSection(NestedProjects) = preSolution
		{BA85774B-6557-D8DD-A35B-8DCC4EE489ED} = {52468B34-3F27-2B4E-4929-AF0269728D45}
		{6DA406FC-9E36-EACB-FF77-48029E85D95A} = {BA85774B-6557-D8DD-A35B-8DCC4EE489ED}
		{422B5391-CE1E-26E8-77A9-BD83A350117A} = {BA85774B-6557-D8DD-A35B-8DCC4EE489ED}
		{98636D3F-7398-A99E-5A60-4CE116C163F7} = {BA85774B-6557-D8DD-A35B-8DCC4EE489ED}
		{23F8962E-45FB-9FA0-9665-0F76EDE0D37A} = {BA85774B-6557-D8DD-A35B-8DCC4EE489ED}
		{C2434BE9-86C9-87F4-6F4A-7CDDE2AB5519} = {BA85774B-6557-D8DD-A35B-8DCC4EE489ED}
		{D72A3641-0989-137E-4CC8-8B69D0E2B271} = {BA85774B-6557-D8DD-A35B-8DCC4EE489ED}
		{4E27D6F8-96FA-2299-FA4D-988A20886187} = {52468B34-3F27-2B4E-4929-AF0269728D45}
		{C93048A9-D181-6725-3F53-E02635195F96} = {4E27D6F8-96FA-2299-FA4D-988A20886187}
		{6588124B-8509-B513-19F8-7AD35463B277} = {4E27D6F8-96FA-2299-FA4D-988A20886187}
		{AC8C58FD-67F4-9948-DBC7-DB9DCFB71458} = {4E27D6F8-96FA-2299-FA4D-988A20886187}
		{873E6ABC-C9C2-0C92-81D2-EF1E9181A84D} = {4E27D6F8-96FA-2299-FA4D-988A20886187}
		{D02457B4-A079-52BC-B262-648E3F4B37D8} = {4E27D6F8-96FA-2299-FA4D-988A20886187}
	EndGlobalSection
	GlobalSection(ExtensibilityGlobals) = postSolution
		SolutionGuid = {D470DBB6-7101-49DB-AA6F-A407D20FC8B4}
	EndGlobalSection
EndGlobal
